
Microsoft Visual Studio Solution File, Format Version 12.00
# Visual Studio Version 17
VisualStudioVersion = 17.11.35219.272
MinimumVisualStudioVersion = 10.0.40219.1
Project("{9A19103F-16F7-4668-BE54-9A1E7A4F7556}") = "Laboratorio5", "Laboratorio5\Laboratorio5.csproj", "{884672EB-B5A6-4F1F-8F61-1AC99036468F}"
EndProject
Project("{9A19103F-16F7-4668-BE54-9A1E7A4F7556}") = "Laboratorio51", "Laboratorio51\Laboratorio51.csproj", "{432B17EA-A16A-4790-A460-2944773D4F67}"
EndProject
Project("{9A19103F-16F7-4668-BE54-9A1E7A4F7556}") = "Laboratorio52", "Laboratorio52\Laboratorio52.csproj", "{C9C1CC28-6A1E-4CF4-8A53-CE5183A8DEC2}"
EndProject
Project("{FAE04EC0-301F-11D3-BF4B-00C04F79EFBC}") = "Laboratorio53", "Laboratorio53\Laboratorio53.csproj", "{12F31356-E2CC-4FE9-93FA-A2AB65B48BBD}"
EndProject
Project("{FAE04EC0-301F-11D3-BF4B-00C04F79EFBC}") = "Laboratorio54", "Laboratorio54\Laboratorio54.csproj", "{B6600495-3D1C-41FB-8ADF-9FF2CD739876}"
EndProject
Project("{FAE04EC0-301F-11D3-BF4B-00C04F79EFBC}") = "Laboratorio55", "Laboratorio55\Laboratorio55.csproj", "{0D08FAB8-8D6B-4DFC-8CE5-A558E23888E7}"
EndProject
Project("{FAE04EC0-301F-11D3-BF4B-00C04F79EFBC}") = "Laboratorio56", "Laboratorio56\Laboratorio56.csproj", "{59644A57-1BA4-4C56-9456-01DCE9F43E34}"
EndProject
Global
	GlobalSection(SolutionConfigurationPlatforms) = preSolution
		Debug|Any CPU = Debug|Any CPU
		Release|Any CPU = Release|Any CPU
	EndGlobalSection
	GlobalSection(ProjectConfigurationPlatforms) = postSolution
		{884672EB-B5A6-4F1F-8F61-1AC99036468F}.Debug|Any CPU.ActiveCfg = Debug|Any CPU
		{884672EB-B5A6-4F1F-8F61-1AC99036468F}.Debug|Any CPU.Build.0 = Debug|Any CPU
		{884672EB-B5A6-4F1F-8F61-1AC99036468F}.Release|Any CPU.ActiveCfg = Release|Any CPU
		{884672EB-B5A6-4F1F-8F61-1AC99036468F}.Release|Any CPU.Build.0 = Release|Any CPU
		{432B17EA-A16A-4790-A460-2944773D4F67}.Debug|Any CPU.ActiveCfg = Debug|Any CPU
		{432B17EA-A16A-4790-A460-2944773D4F67}.Debug|Any CPU.Build.0 = Debug|Any CPU
		{432B17EA-A16A-4790-A460-2944773D4F67}.Release|Any CPU.ActiveCfg = Release|Any CPU
		{432B17EA-A16A-4790-A460-2944773D4F67}.Release|Any CPU.Build.0 = Release|Any CPU
		{C9C1CC28-6A1E-4CF4-8A53-CE5183A8DEC2}.Debug|Any CPU.ActiveCfg = Debug|Any CPU
		{C9C1CC28-6A1E-4CF4-8A53-CE5183A8DEC2}.Debug|Any CPU.Build.0 = Debug|Any CPU
		{C9C1CC28-6A1E-4CF4-8A53-CE5183A8DEC2}.Release|Any CPU.ActiveCfg = Release|Any CPU
		{C9C1CC28-6A1E-4CF4-8A53-CE5183A8DEC2}.Release|Any CPU.Build.0 = Release|Any CPU
		{12F31356-E2CC-4FE9-93FA-A2AB65B48BBD}.Debug|Any CPU.ActiveCfg = Debug|Any CPU
		{12F31356-E2CC-4FE9-93FA-A2AB65B48BBD}.Debug|Any CPU.Build.0 = Debug|Any CPU
		{12F31356-E2CC-4FE9-93FA-A2AB65B48BBD}.Release|Any CPU.ActiveCfg = Release|Any CPU
		{12F31356-E2CC-4FE9-93FA-A2AB65B48BBD}.Release|Any CPU.Build.0 = Release|Any CPU
		{B6600495-3D1C-41FB-8ADF-9FF2CD739876}.Debug|Any CPU.ActiveCfg = Debug|Any CPU
		{B6600495-3D1C-41FB-8ADF-9FF2CD739876}.Debug|Any CPU.Build.0 = Debug|Any CPU
		{B6600495-3D1C-41FB-8ADF-9FF2CD739876}.Release|Any CPU.ActiveCfg = Release|Any CPU
		{B6600495-3D1C-41FB-8ADF-9FF2CD739876}.Release|Any CPU.Build.0 = Release|Any CPU
		{0D08FAB8-8D6B-4DFC-8CE5-A558E23888E7}.Debug|Any CPU.ActiveCfg = Debug|Any CPU
		{0D08FAB8-8D6B-4DFC-8CE5-A558E23888E7}.Debug|Any CPU.Build.0 = Debug|Any CPU
		{0D08FAB8-8D6B-4DFC-8CE5-A558E23888E7}.Release|Any CPU.ActiveCfg = Release|Any CPU
		{0D08FAB8-8D6B-4DFC-8CE5-A558E23888E7}.Release|Any CPU.Build.0 = Release|Any CPU
		{59644A57-1BA4-4C56-9456-01DCE9F43E34}.Debug|Any CPU.ActiveCfg = Debug|Any CPU
		{59644A57-1BA4-4C56-9456-01DCE9F43E34}.Debug|Any CPU.Build.0 = Debug|Any CPU
		{59644A57-1BA4-4C56-9456-01DCE9F43E34}.Release|Any CPU.ActiveCfg = Release|Any CPU
		{59644A57-1BA4-4C56-9456-01DCE9F43E34}.Release|Any CPU.Build.0 = Release|Any CPU
	EndGlobalSection
	GlobalSection(SolutionProperties) = preSolution
		HideSolutionNode = FALSE
	EndGlobalSection
	GlobalSection(ExtensibilityGlobals) = postSolution
		SolutionGuid = {34B68969-137E-48EC-8DD5-00FAD0291657}
	EndGlobalSection
EndGlobal
