
Microsoft Visual Studio Solution File, Format Version 12.00
# Visual Studio Version 17
VisualStudioVersion = 17.11.35219.272
MinimumVisualStudioVersion = 10.0.40219.1
Project("{FAE04EC0-301F-11D3-BF4B-00C04F79EFBC}") = "Laboratorio2", "Laboratorio2\Laboratorio2.csproj", "{D62BCC88-263C-4F84-8C1D-5986C583D4AB}"
EndProject
Global
	GlobalSection(SolutionConfigurationPlatforms) = preSolution
		Debug|Any CPU = Debug|Any CPU
		Release|Any CPU = Release|Any CPU
	EndGlobalSection
	GlobalSection(ProjectConfigurationPlatforms) = postSolution
		{D62BCC88-263C-4F84-8C1D-5986C583D4AB}.Debug|Any CPU.ActiveCfg = Debug|Any CPU
		{D62BCC88-263C-4F84-8C1D-5986C583D4AB}.Debug|Any CPU.Build.0 = Debug|Any CPU
		{D62BCC88-263C-4F84-8C1D-5986C583D4AB}.Release|Any CPU.ActiveCfg = Release|Any CPU
		{D62BCC88-263C-4F84-8C1D-5986C583D4AB}.Release|Any CPU.Build.0 = Release|Any CPU
	EndGlobalSection
	GlobalSection(SolutionProperties) = preSolution
		HideSolutionNode = FALSE
	EndGlobalSection
	GlobalSection(ExtensibilityGlobals) = postSolution
		SolutionGuid = {05AE2093-DA93-4726-A4C7-EEC0E53A7D6D}
	EndGlobalSection
EndGlobal
